
Microsoft Visual Studio Solution File, Format Version 12.00
# Visual Studio Version 17
VisualStudioVersion = 17.5.33414.496
MinimumVisualStudioVersion = 10.0.40219.1
Project("{FAE04EC0-301F-11D3-BF4B-00C04F79EFBC}") = "BLOW FISH ENCRYPTION", "BLOW FISH ENCRYPTION\BLOW FISH ENCRYPTION.csproj", "{B9B117AA-E369-415A-B5D0-C83B7C366AE3}"
EndProject
Global
	GlobalSection(SolutionConfigurationPlatforms) = preSolution
		Debug|Any CPU = Debug|Any CPU
		Release|Any CPU = Release|Any CPU
	EndGlobalSection
	GlobalSection(ProjectConfigurationPlatforms) = postSolution
		{B9B117AA-E369-415A-B5D0-C83B7C366AE3}.Debug|Any CPU.ActiveCfg = Debug|Any CPU
		{B9B117AA-E369-415A-B5D0-C83B7C366AE3}.Debug|Any CPU.Build.0 = Debug|Any CPU
		{B9B117AA-E369-415A-B5D0-C83B7C366AE3}.Release|Any CPU.ActiveCfg = Release|Any CPU
		{B9B117AA-E369-415A-B5D0-C83B7C366AE3}.Release|Any CPU.Build.0 = Release|Any CPU
	EndGlobalSection
	GlobalSection(SolutionProperties) = preSolution
		HideSolutionNode = FALSE
	EndGlobalSection
	GlobalSection(ExtensibilityGlobals) = postSolution
		SolutionGuid = {C05B7A24-0FCB-4ED0-97A6-408DB61792F3}
	EndGlobalSection
EndGlobal
